PODS:
  - BoringSSL (10.0.6):
    - BoringSSL/Implementation (= 10.0.6)
    - BoringSSL/Interface (= 10.0.6)
  - BoringSSL/Implementation (10.0.6):
    - BoringSSL/Interface (= 10.0.6)
  - BoringSSL/Interface (10.0.6)
  - cloud_firestore (0.6.1):
    - Firebase/Auth
    - Firebase/Core
    - Firebase/Database
    - Firebase/Firestore
    - Flutter
  - device_info (0.0.1):
    - Flutter
  - Firebase/Auth (5.9.0):
    - Firebase/CoreOnly
    - FirebaseAuth (= 5.0.4)
  - Firebase/Core (5.9.0):
    - Firebase/CoreOnly
    - FirebaseAnalytics (= 5.2.0)
  - Firebase/CoreOnly (5.9.0):
    - FirebaseCore (= 5.1.4)
  - Firebase/Database (5.9.0):
    - Firebase/CoreOnly
    - FirebaseDatabase (= 5.0.3)
  - Firebase/Firestore (5.9.0):
    - Firebase/CoreOnly
    - FirebaseFirestore (= 0.13.4)
  - Firebase/Messaging (5.9.0):
    - Firebase/CoreOnly
    - FirebaseMessaging (= 3.1.2)
  - Firebase/Performance (5.9.0):
    - Firebase/Core
    - FirebasePerformance (= 2.1.2)
  - Firebase/RemoteConfig (5.9.0):
    - Firebase/Core
    - FirebaseRemoteConfig (= 3.0.1)
  - Firebase/Storage (5.9.0):
    - Firebase/CoreOnly
    - FirebaseStorage (= 3.0.2)
  - firebase_analytics (0.0.1):
    - Firebase/Core
    - Flutter
  - firebase_auth (0.0.1):
    - Firebase/Auth
    - Firebase/Core
    - Flutter
  - firebase_core (0.0.1):
    - Firebase/Core
    - Flutter
  - firebase_messaging (0.0.1):
    - Firebase/Core
    - Firebase/Messaging
    - Flutter
  - firebase_performance (0.0.1):
    - Firebase/Core
    - Firebase/Performance
    - Flutter
  - firebase_remote_config (0.0.1):
    - Firebase/RemoteConfig
    - Flutter
  - firebase_storage (0.0.1):
    - Firebase/Storage
    - Flutter
  - FirebaseABTesting (2.0.0):
    - FirebaseCore (~> 5.0)
    - Protobuf (~> 3.5)
  - FirebaseAnalytics (5.2.0):
    - FirebaseCore (~> 5.1)
    - FirebaseInstanceID (~> 3.2)
    - GoogleAppMeasurement (~> 5.2)
    - GoogleUtilities/AppDelegateSwizzler (~> 5.2)
    - GoogleUtilities/MethodSwizzler (~> 5.2)
    - GoogleUtilities/Network (~> 5.2)
    - "GoogleUtilities/NSData+zlib (~> 5.2)"
    - nanopb (~> 0.3)
  - FirebaseAuth (5.0.4):
    - FirebaseAuthInterop (~> 1.0)
    - FirebaseCore (~> 5.0)
    - GoogleUtilities/Environment (~> 5.2)
    - GTMSessionFetcher/Core (~> 1.1)
  - FirebaseAuthInterop (1.0.0)
  - FirebaseCore (5.1.4):
    - GoogleUtilities/Logger (~> 5.2)
  - FirebaseDatabase (5.0.3):
    - FirebaseCore (~> 5.0)
    - leveldb-library (~> 1.18)
  - FirebaseFirestore (0.13.4):
    - FirebaseAuthInterop (~> 1.0)
    - FirebaseCore (~> 5.0)
    - FirebaseFirestore/abseil-cpp (= 0.13.4)
    - "gRPC-C++ (~> 0.0.3)"
    - gRPC-ProtoRPC (~> 1.0)
    - leveldb-library (~> 1.20)
    - nanopb (~> 0.3.8)
    - Protobuf (~> 3.1)
  - FirebaseFirestore/abseil-cpp (0.13.4):
    - FirebaseAuthInterop (~> 1.0)
    - FirebaseCore (~> 5.0)
    - "gRPC-C++ (~> 0.0.3)"
    - gRPC-ProtoRPC (~> 1.0)
    - leveldb-library (~> 1.20)
    - nanopb (~> 0.3.8)
    - Protobuf (~> 3.1)
  - FirebaseInstanceID (3.2.2):
    - FirebaseCore (~> 5.1)
    - GoogleUtilities/Environment (~> 5.3)
    - GoogleUtilities/UserDefaults (~> 5.3)
  - FirebaseMessaging (3.1.2):
    - FirebaseCore (~> 5.0)
    - FirebaseInstanceID (~> 3.0)
    - GoogleUtilities/Reachability (~> 5.2)
    - Protobuf (~> 3.1)
  - FirebasePerformance (2.1.2):
    - FirebaseAnalytics (~> 5.1)
    - FirebaseInstanceID (~> 3.2)
    - GoogleToolboxForMac/Logger (~> 2.1)
    - "GoogleToolboxForMac/NSData+zlib (~> 2.1)"
    - GoogleUtilities/ISASwizzler (~> 5.2)
    - GoogleUtilities/MethodSwizzler (~> 5.2)
    - GTMSessionFetcher/Core (~> 1.1)
    - Protobuf (~> 3.5)
  - FirebaseRemoteConfig (3.0.1):
    - FirebaseABTesting (~> 2.0)
    - FirebaseAnalytics (~> 5.1)
    - FirebaseCore (~> 5.1)
    - FirebaseInstanceID (~> 3.2)
    - GoogleUtilities/Environment (~> 5.2)
    - "GoogleUtilities/NSData+zlib (~> 5.2)"
    - Protobuf (~> 3.5)
  - FirebaseStorage (3.0.2):
    - FirebaseAuthInterop (~> 1.0)
    - FirebaseCore (~> 5.0)
    - GTMSessionFetcher/Core (~> 1.1)
  - Flutter (1.0.0)
  - flutter_local_notifications (0.0.1):
    - Flutter
  - flutter_native_timezone (1.0.0):
    - Flutter
  - flutter_places_dialog (0.0.1):
    - Flutter
    - GoogleMaps
    - GooglePlacePicker
    - GooglePlaces
  - FMDB (2.7.2):
    - FMDB/standard (= 2.7.2)
  - FMDB/standard (2.7.2)
  - GoogleAppMeasurement (5.2.0):
    - GoogleUtilities/AppDelegateSwizzler (~> 5.2)
    - GoogleUtilities/MethodSwizzler (~> 5.2)
    - GoogleUtilities/Network (~> 5.2)
    - "GoogleUtilities/NSData+zlib (~> 5.2)"
    - nanopb (~> 0.3)
  - GoogleMaps (2.7.0):
    - GoogleMaps/Maps (= 2.7.0)
  - GoogleMaps/Base (2.7.0)
  - GoogleMaps/Maps (2.7.0):
    - GoogleMaps/Base
  - GooglePlacePicker (2.7.0):
    - GoogleMaps (= 2.7.0)
    - GooglePlaces (= 2.7.0)
  - GooglePlaces (2.7.0):
    - GoogleMaps/Base (= 2.7.0)
  - GoogleToolboxForMac/Defines (2.1.4)
  - GoogleToolboxForMac/Logger (2.1.4):
    - GoogleToolboxForMac/Defines (= 2.1.4)
  - "GoogleToolboxForMac/NSData+zlib (2.1.4)":
    - GoogleToolboxForMac/Defines (= 2.1.4)
  - GoogleUtilities/AppDelegateSwizzler (5.3.0):
    - GoogleUtilities/Environment
    - GoogleUtilities/Logger
    - GoogleUtilities/Network
  - GoogleUtilities/Environment (5.3.0)
  - GoogleUtilities/ISASwizzler (5.3.0)
  - GoogleUtilities/Logger (5.3.0):
    - GoogleUtilities/Environment
  - GoogleUtilities/MethodSwizzler (5.3.0):
    - GoogleUtilities/Logger
  - GoogleUtilities/Network (5.3.0):
    - GoogleUtilities/Logger
    - "GoogleUtilities/NSData+zlib"
    - GoogleUtilities/Reachability
  - "GoogleUtilities/NSData+zlib (5.3.0)"
  - GoogleUtilities/Reachability (5.3.0):
    - GoogleUtilities/Logger
  - GoogleUtilities/UserDefaults (5.3.0):
    - GoogleUtilities/Logger
  - gRPC (1.14.0):
    - gRPC-RxLibrary (= 1.14.0)
    - gRPC/Main (= 1.14.0)
  - "gRPC-C++ (0.0.3)":
    - "gRPC-C++/Implementation (= 0.0.3)"
    - "gRPC-C++/Interface (= 0.0.3)"
  - "gRPC-C++/Implementation (0.0.3)":
    - "gRPC-C++/Interface (= 0.0.3)"
    - gRPC-Core (= 1.14.0)
    - nanopb (~> 0.3)
  - "gRPC-C++/Interface (0.0.3)"
  - gRPC-Core (1.14.0):
    - gRPC-Core/Implementation (= 1.14.0)
    - gRPC-Core/Interface (= 1.14.0)
  - gRPC-Core/Implementation (1.14.0):
    - BoringSSL (~> 10.0)
    - gRPC-Core/Interface (= 1.14.0)
    - nanopb (~> 0.3)
  - gRPC-Core/Interface (1.14.0)
  - gRPC-ProtoRPC (1.14.0):
    - gRPC-ProtoRPC/Main (= 1.14.0)
  - gRPC-ProtoRPC/Main (1.14.0):
    - gRPC (= 1.14.0)
    - gRPC-RxLibrary (= 1.14.0)
    - Protobuf (~> 3.0)
  - gRPC-RxLibrary (1.14.0)
  - gRPC/Main (1.14.0):
    - gRPC-Core (= 1.14.0)
    - gRPC-RxLibrary (= 1.14.0)
  - GTMSessionFetcher/Core (1.2.0)
  - image_picker (0.0.1):
    - Flutter
  - leveldb-library (1.20)
  - nanopb (0.3.8):
    - nanopb/decode (= 0.3.8)
    - nanopb/encode (= 0.3.8)
  - nanopb/decode (0.3.8)
  - nanopb/encode (0.3.8)
  - package_info (0.0.1):
    - Flutter
  - path_provider (0.0.1):
    - Flutter
  - Protobuf (3.6.1)
  - shared_preferences (0.0.1):
    - Flutter
  - sqflite (0.0.1):
    - Flutter
    - FMDB (~> 2.7.2)
  - url_launcher (0.0.1):
    - Flutter

DEPENDENCIES:
  - cloud_firestore (from `Pods/.symlinks/plugins/cloud_firestore/ios`)
  - device_info (from `Pods/.symlinks/plugins/device_info/ios`)
  - firebase_analytics (from `Pods/.symlinks/plugins/firebase_analytics/ios`)
  - firebase_auth (from `Pods/.symlinks/plugins/firebase_auth/ios`)
  - firebase_core (from `Pods/.symlinks/plugins/firebase_core/ios`)
  - firebase_messaging (from `Pods/.symlinks/plugins/firebase_messaging/ios`)
  - firebase_performance (from `Pods/.symlinks/plugins/firebase_performance/ios`)
  - firebase_remote_config (from `Pods/.symlinks/plugins/firebase_remote_config/ios`)
  - firebase_storage (from `Pods/.symlinks/plugins/firebase_storage/ios`)
  - Flutter (from `Pods/.symlinks/flutter/ios`)
  - flutter_local_notifications (from `Pods/.symlinks/plugins/flutter_local_notifications/ios`)
  - flutter_native_timezone (from `Pods/.symlinks/plugins/flutter_native_timezone/ios`)
  - flutter_places_dialog (from `Pods/.symlinks/plugins/flutter_places_dialog/ios`)
  - image_picker (from `Pods/.symlinks/plugins/image_picker/ios`)
  - package_info (from `Pods/.symlinks/plugins/package_info/ios`)
  - path_provider (from `Pods/.symlinks/plugins/path_provider/ios`)
  - shared_preferences (from `Pods/.symlinks/plugins/shared_preferences/ios`)
  - sqflite (from `Pods/.symlinks/plugins/sqflite/ios`)
  - url_launcher (from `Pods/.symlinks/plugins/url_launcher/ios`)

SPEC REPOS:
  https://github.com/cocoapods/specs.git:
    - BoringSSL
    - Firebase
    - FirebaseABTesting
    - FirebaseAnalytics
    - FirebaseAuth
    - FirebaseAuthInterop
    - FirebaseCore
    - FirebaseDatabase
    - FirebaseFirestore
    - FirebaseInstanceID
    - FirebaseMessaging
    - FirebasePerformance
    - FirebaseRemoteConfig
    - FirebaseStorage
    - FMDB
    - GoogleAppMeasurement
    - GoogleMaps
    - GooglePlacePicker
    - GooglePlaces
    - GoogleToolboxForMac
    - GoogleUtilities
    - gRPC
    - "gRPC-C++"
    - gRPC-Core
    - gRPC-ProtoRPC
    - gRPC-RxLibrary
    - GTMSessionFetcher
    - leveldb-library
    - nanopb
    - Protobuf

EXTERNAL SOURCES:
  cloud_firestore:
    :path: Pods/.symlinks/plugins/cloud_firestore/ios
  device_info:
    :path: Pods/.symlinks/plugins/device_info/ios
  firebase_analytics:
    :path: Pods/.symlinks/plugins/firebase_analytics/ios
  firebase_auth:
    :path: Pods/.symlinks/plugins/firebase_auth/ios
  firebase_core:
    :path: Pods/.symlinks/plugins/firebase_core/ios
  firebase_messaging:
    :path: Pods/.symlinks/plugins/firebase_messaging/ios
  firebase_performance:
    :path: Pods/.symlinks/plugins/firebase_performance/ios
  firebase_remote_config:
    :path: Pods/.symlinks/plugins/firebase_remote_config/ios
  firebase_storage:
    :path: Pods/.symlinks/plugins/firebase_storage/ios
  Flutter:
    :path: Pods/.symlinks/flutter/ios
  flutter_local_notifications:
    :path: Pods/.symlinks/plugins/flutter_local_notifications/ios
  flutter_native_timezone:
    :path: Pods/.symlinks/plugins/flutter_native_timezone/ios
  flutter_places_dialog:
    :path: Pods/.symlinks/plugins/flutter_places_dialog/ios
  image_picker:
    :path: Pods/.symlinks/plugins/image_picker/ios
  package_info:
    :path: Pods/.symlinks/plugins/package_info/ios
  path_provider:
    :path: Pods/.symlinks/plugins/path_provider/ios
  shared_preferences:
    :path: Pods/.symlinks/plugins/shared_preferences/ios
  sqflite:
    :path: Pods/.symlinks/plugins/sqflite/ios
  url_launcher:
    :path: Pods/.symlinks/plugins/url_launcher/ios

SPEC CHECKSUMS:
  BoringSSL: e10f92a27043805c01071fe815a5cd98ae8212e7
  cloud_firestore: b790b3c3afae8ebdbed66a68c9e55090de78f5eb
  device_info: 76ce0b32e13034d1883be4a382433648f9dcee63
  Firebase: 383fa29aca93e371cab776b48a5c66544d3c2003
  firebase_analytics: fcc60a9de4b8e07aa5af8941303a7f5fe6e0383f
  firebase_auth: 27a5a77a032d557c18f8e223aaf8ec1368f6cdbc
  firebase_core: c96aa8b2fcf7f5167d32f22034f502f9304952b8
  firebase_messaging: a5f5d4a9491b660f33a1f94bd0596558f820bad1
  firebase_performance: 66d2630faa8a2281681ed710d6d39dd49151cd8c
  firebase_remote_config: 237de54ea095a512fbf7ee93ff36910e175b0c7b
  firebase_storage: e34d30ff8bb57e691191b70e9d255ec2eba2351f
  FirebaseABTesting: 1f50b8d50f5e3469eea54e7463a7b7fe221d1f5e
  FirebaseAnalytics: 831f1f127f4a75698e9875a87bf7e2668730d953
  FirebaseAuth: 504b198ceb3472dca5c65bb95544ea44cfc9439e
  FirebaseAuthInterop: 0ffa57668be100582bb7643d4fcb7615496c41fc
  FirebaseCore: 2a84b6b325792a4319ef71ee18819dcba08d2fd7
  FirebaseDatabase: e2bcbc106adc4b11a2da3ec2eb63c0c4a44f2f54
  FirebaseFirestore: eaf0b6244e9463e2429fe216666b641e4dec606b
  FirebaseInstanceID: 78ba376fcd5b94c001f9999b2cbd3d1f1e56e78d
  FirebaseMessaging: d6feeb06218d2675b4149b0ada925a6b707a74cf
  FirebasePerformance: 65f7eb943ef3cc118899f945065ff9fa2d924e52
  FirebaseRemoteConfig: 7b6d675dfb11f0e0e638caee00908b06af150d56
  FirebaseStorage: fd82e5e5c474897e19972b34b22ac0f589dce04e
  Flutter: 9d0fac939486c9aba2809b7982dfdbb47a7b0296
  flutter_local_notifications: 696a74904e0a0ab754e27a5f761da4a7f9153710
  flutter_native_timezone: 8a240238f0e3aaddcc8018aa5621158c8eb1f480
  flutter_places_dialog: 0d92393c2b22bedcf62b0fa13c025c10bc667b37
  FMDB: 6198a90e7b6900cfc046e6bc0ef6ebb7be9236aa
  GoogleAppMeasurement: 2b3a023a61239c8d002e6e4fcf4abce8eddce0e0
  GoogleMaps: f79af95cb24d869457b1f961c93d3ce8b2f3b848
  GooglePlacePicker: 59ea44db173c58486ad6123993e81feefcbce9c3
  GooglePlaces: 3d06e6c99654545b4738ce49648745779c25f2ef
  GoogleToolboxForMac: 91c824d21e85b31c2aae9bb011c5027c9b4e738f
  GoogleUtilities: 760ccb53b7c7f40f9c02d8c241f76f841a7a6162
  gRPC: 9d4c549f37c7cef22478634bac7a0405b6e3dbfb
  "gRPC-C++": ee0b01db3122f0b6c2be28b5b11039f62fa15fe6
  gRPC-Core: f4836515817c0eb479aeeb9cc27c91c4ba62a9f6
  gRPC-ProtoRPC: 76f6053639a842e1fb45fa82aa598bf3f4d9f66f
  gRPC-RxLibrary: 3c305f32155024b116b780f389323c73a28197e6
  GTMSessionFetcher: 0c4baf0a73acd0041bf9f71ea018deedab5ea84e
  image_picker: ee00aab0487cedc80a304085219503cc6d0f2e22
  leveldb-library: 08cba283675b7ed2d99629a4bc5fd052cd2bb6a5
  nanopb: 5601e6bca2dbf1ed831b519092ec110f66982ca3
  package_info: d7c98b64f60add4c2908b9d94d82a45d3c8827ad
  path_provider: 09407919825bfe3c2deae39453b7a5b44f467873
  Protobuf: 1eb9700044745f00181c136ef21b8ff3ad5a0fd5
  shared_preferences: 5a1d487c427ee18fcd3ea1f2a131569481834b53
  sqflite: 801b6b0983f722fa29baf00d1476e4556ada6de4
  url_launcher: 92b89c1029a0373879933c21642958c874539095

PODFILE CHECKSUM: 2a69ae81a4bb3989a637a59741a639bc6332ffaf

COCOAPODS: 1.5.2
