PODS:
  - Bolts (1.9.0):
    - Bolts/AppLinks (= 1.9.0)
    - Bolts/Tasks (= 1.9.0)
  - Bolts/AppLinks (1.9.0):
    - Bolts/Tasks
  - Bolts/Tasks (1.9.0)
  - BoringSSL-GRPC (0.0.3):
    - BoringSSL-GRPC/Implementation (= 0.0.3)
    - BoringSSL-GRPC/Interface (= 0.0.3)
  - BoringSSL-GRPC/Implementation (0.0.3):
    - BoringSSL-GRPC/Interface (= 0.0.3)
  - BoringSSL-GRPC/Interface (0.0.3)
  - cloud_firestore (0.0.1):
    - Firebase/Core
    - Firebase/Firestore (~> 6.0)
    - Flutter
  - device_info (0.0.1):
    - Flutter
  - FBSDKCoreKit (4.40.0):
    - Bolts (~> 1.9)
  - FBSDKLoginKit (4.40.0):
    - FBSDKCoreKit
  - Firebase/Analytics (6.6.0):
    - Firebase/Core
  - Firebase/Auth (6.6.0):
    - Firebase/CoreOnly
    - FirebaseAuth (~> 6.2.2)
  - Firebase/Core (6.6.0):
    - Firebase/CoreOnly
    - FirebaseAnalytics (= 6.1.0)
  - Firebase/CoreOnly (6.6.0):
    - FirebaseCore (= 6.2.0)
  - Firebase/Firestore (6.6.0):
    - Firebase/CoreOnly
    - FirebaseFirestore (~> 1.4.3)
  - Firebase/Messaging (6.6.0):
    - Firebase/CoreOnly
    - FirebaseMessaging (~> 4.1.2)
  - Firebase/Performance (6.6.0):
    - Firebase/CoreOnly
    - FirebasePerformance (~> 3.1.2)
  - Firebase/RemoteConfig (6.6.0):
    - Firebase/CoreOnly
    - FirebaseRemoteConfig (~> 4.2.1)
  - Firebase/Storage (6.6.0):
    - Firebase/CoreOnly
    - FirebaseStorage (~> 3.4.0)
  - firebase_analytics (0.0.1):
    - Firebase/Analytics (~> 6.0)
    - Firebase/Core
    - Flutter
  - firebase_auth (0.0.1):
    - Firebase/Auth (~> 6.3)
    - Firebase/Core
    - Flutter
  - firebase_auth_web (0.1.0):
    - Flutter
  - firebase_core (0.0.1):
    - Firebase/Core
    - Flutter
  - firebase_core_web (0.1.0):
    - Flutter
  - firebase_messaging (0.0.1):
    - Firebase/Core
    - Firebase/Messaging
    - Flutter
  - firebase_performance (0.0.1):
    - Firebase/Core
    - Firebase/Performance
    - Flutter
  - firebase_remote_config (0.0.1):
    - Firebase/RemoteConfig
    - Flutter
  - firebase_storage (0.0.1):
    - Firebase/Storage
    - Flutter
  - FirebaseABTesting (3.0.0):
    - FirebaseCore (~> 6.0)
    - Protobuf (~> 3.5)
  - FirebaseAnalytics (6.1.0):
    - FirebaseCore (~> 6.2)
    - FirebaseInstanceID (~> 4.2)
    - GoogleAppMeasurement (= 6.1.0)
    - GoogleUtilities/AppDelegateSwizzler (~> 6.0)
    - GoogleUtilities/MethodSwizzler (~> 6.0)
    - GoogleUtilities/Network (~> 6.0)
    - "GoogleUtilities/NSData+zlib (~> 6.0)"
    - nanopb (~> 0.3)
  - FirebaseAnalyticsInterop (1.3.0)
  - FirebaseAuth (6.2.2):
    - FirebaseAuthInterop (~> 1.0)
    - FirebaseCore (~> 6.2)
    - GoogleUtilities/AppDelegateSwizzler (~> 6.2)
    - GoogleUtilities/Environment (~> 6.2)
    - GTMSessionFetcher/Core (~> 1.1)
  - FirebaseAuthInterop (1.0.0)
  - FirebaseCore (6.2.0):
    - FirebaseCoreDiagnostics (~> 1.0)
    - FirebaseCoreDiagnosticsInterop (~> 1.0)
    - GoogleUtilities/Environment (~> 6.2)
    - GoogleUtilities/Logger (~> 6.2)
  - FirebaseCoreDiagnostics (1.0.1):
    - FirebaseCoreDiagnosticsInterop (~> 1.0)
    - GoogleDataTransportCCTSupport (~> 1.0)
    - GoogleUtilities/Environment (~> 6.2)
    - GoogleUtilities/Logger (~> 6.2)
  - FirebaseCoreDiagnosticsInterop (1.0.0)
  - FirebaseFirestore (1.4.3):
    - FirebaseAuthInterop (~> 1.0)
    - FirebaseCore (~> 6.2)
    - FirebaseFirestore/abseil-cpp (= 1.4.3)
    - "gRPC-C++ (= 0.0.9)"
    - leveldb-library (~> 1.20)
    - nanopb (~> 0.3.901)
    - Protobuf (~> 3.1)
  - FirebaseFirestore/abseil-cpp (1.4.3):
    - FirebaseAuthInterop (~> 1.0)
    - FirebaseCore (~> 6.2)
    - "gRPC-C++ (= 0.0.9)"
    - leveldb-library (~> 1.20)
    - nanopb (~> 0.3.901)
    - Protobuf (~> 3.1)
  - FirebaseInstanceID (4.2.3):
    - FirebaseCore (~> 6.0)
    - GoogleUtilities/Environment (~> 6.0)
    - GoogleUtilities/UserDefaults (~> 6.0)
  - FirebaseMessaging (4.1.2):
    - FirebaseAnalyticsInterop (~> 1.3)
    - FirebaseCore (~> 6.2)
    - FirebaseInstanceID (~> 4.1)
    - GoogleUtilities/AppDelegateSwizzler (~> 6.2)
    - GoogleUtilities/Environment (~> 6.2)
    - GoogleUtilities/Reachability (~> 6.2)
    - GoogleUtilities/UserDefaults (~> 6.2)
    - Protobuf (~> 3.1)
  - FirebasePerformance (3.1.2):
    - FirebaseCore (~> 6.2)
    - FirebaseInstanceID (~> 4.2)
    - FirebaseRemoteConfig (~> 4.2)
    - GoogleToolboxForMac/Logger (~> 2.1)
    - "GoogleToolboxForMac/NSData+zlib (~> 2.1)"
    - GoogleUtilities/Environment (~> 6.0)
    - GoogleUtilities/ISASwizzler (~> 6.0)
    - GoogleUtilities/MethodSwizzler (~> 6.0)
    - GTMSessionFetcher/Core (~> 1.1)
    - Protobuf (~> 3.5)
  - FirebaseRemoteConfig (4.2.1):
    - FirebaseABTesting (~> 3.0)
    - FirebaseCore (~> 6.1)
    - FirebaseInstanceID (~> 4.2)
    - GoogleUtilities/Environment (~> 6.0)
    - "GoogleUtilities/NSData+zlib (~> 6.0)"
    - Protobuf (~> 3.5)
  - FirebaseStorage (3.4.0):
    - FirebaseAuthInterop (~> 1.0)
    - FirebaseCore (~> 6.0)
    - GTMSessionFetcher/Core (~> 1.1)
  - Flutter (1.0.0)
  - flutter_native_timezone (0.0.1):
    - Flutter
  - flutter_places_dialog (0.0.1):
    - Flutter
    - GoogleMaps
    - GooglePlacePicker
    - GooglePlaces
  - flutter_plugin_android_lifecycle (0.0.1):
    - Flutter
  - FMDB (2.7.5):
    - FMDB/standard (= 2.7.5)
  - FMDB/standard (2.7.5)
  - GoogleAnalytics (3.17.0)
  - GoogleAppMeasurement (6.1.0):
    - GoogleUtilities/AppDelegateSwizzler (~> 6.0)
    - GoogleUtilities/MethodSwizzler (~> 6.0)
    - GoogleUtilities/Network (~> 6.0)
    - "GoogleUtilities/NSData+zlib (~> 6.0)"
    - nanopb (~> 0.3)
  - GoogleDataTransport (1.1.0)
  - GoogleDataTransportCCTSupport (1.0.1):
    - GoogleDataTransport (~> 1.1)
    - nanopb
  - GoogleMaps (3.0.3):
    - GoogleMaps/Maps (= 3.0.3)
  - GoogleMaps/Base (3.0.3)
  - GoogleMaps/Maps (3.0.3):
    - GoogleMaps/Base
  - GooglePlacePicker (3.0.3):
    - GoogleMaps (= 3.0.3)
    - GooglePlaces (= 3.0.3)
  - GooglePlaces (3.0.3):
    - GoogleMaps/Base (= 3.0.3)
  - GoogleToolboxForMac/Defines (2.2.1)
  - GoogleToolboxForMac/Logger (2.2.1):
    - GoogleToolboxForMac/Defines (= 2.2.1)
  - "GoogleToolboxForMac/NSData+zlib (2.2.1)":
    - GoogleToolboxForMac/Defines (= 2.2.1)
  - GoogleUtilities/AppDelegateSwizzler (6.2.4):
    - GoogleUtilities/Environment
    - GoogleUtilities/Logger
    - GoogleUtilities/Network
  - GoogleUtilities/Environment (6.2.4)
  - GoogleUtilities/ISASwizzler (6.2.4)
  - GoogleUtilities/Logger (6.2.4):
    - GoogleUtilities/Environment
  - GoogleUtilities/MethodSwizzler (6.2.4):
    - GoogleUtilities/Logger
  - GoogleUtilities/Network (6.2.4):
    - GoogleUtilities/Logger
    - "GoogleUtilities/NSData+zlib"
    - GoogleUtilities/Reachability
  - "GoogleUtilities/NSData+zlib (6.2.4)"
  - GoogleUtilities/Reachability (6.2.4):
    - GoogleUtilities/Logger
  - GoogleUtilities/UserDefaults (6.2.4):
    - GoogleUtilities/Logger
  - "gRPC-C++ (0.0.9)":
    - "gRPC-C++/Implementation (= 0.0.9)"
    - "gRPC-C++/Interface (= 0.0.9)"
  - "gRPC-C++/Implementation (0.0.9)":
    - "gRPC-C++/Interface (= 0.0.9)"
    - gRPC-Core (= 1.21.0)
    - nanopb (~> 0.3)
  - "gRPC-C++/Interface (0.0.9)"
  - gRPC-Core (1.21.0):
    - gRPC-Core/Implementation (= 1.21.0)
    - gRPC-Core/Interface (= 1.21.0)
  - gRPC-Core/Implementation (1.21.0):
    - BoringSSL-GRPC (= 0.0.3)
    - gRPC-Core/Interface (= 1.21.0)
    - nanopb (~> 0.3)
  - gRPC-Core/Interface (1.21.0)
  - GTMSessionFetcher/Core (1.2.2)
  - image_picker (0.0.1):
    - Flutter
  - leveldb-library (1.20)
  - nanopb (0.3.901):
    - nanopb/decode (= 0.3.901)
    - nanopb/encode (= 0.3.901)
  - nanopb/decode (0.3.901)
  - nanopb/encode (0.3.901)
  - package_info (0.0.1):
    - Flutter
  - path_provider (0.0.1):
    - Flutter
  - Protobuf (3.9.0)
  - shared_preferences (0.0.1):
    - Flutter
  - shared_preferences_macos (0.0.1):
    - Flutter
  - shared_preferences_web (0.0.1):
    - Flutter
  - sqflite (0.0.1):
    - Flutter
    - FMDB (~> 2.7.2)
  - url_launcher (0.0.1):
    - Flutter
  - url_launcher_macos (0.0.1):
    - Flutter
  - url_launcher_web (0.0.1):
    - Flutter

DEPENDENCIES:
  - cloud_firestore (from `Pods/.symlinks/plugins/cloud_firestore/ios`)
  - device_info (from `Pods/.symlinks/plugins/device_info/ios`)
  - FBSDKLoginKit
  - Firebase/Core
  - firebase_analytics (from `Pods/.symlinks/plugins/firebase_analytics/ios`)
  - firebase_auth (from `Pods/.symlinks/plugins/firebase_auth/ios`)
  - firebase_auth_web (from `Pods/.symlinks/plugins/firebase_auth_web/ios`)
  - firebase_core (from `Pods/.symlinks/plugins/firebase_core/ios`)
  - firebase_core_web (from `Pods/.symlinks/plugins/firebase_core_web/ios`)
  - firebase_messaging (from `Pods/.symlinks/plugins/firebase_messaging/ios`)
  - firebase_performance (from `Pods/.symlinks/plugins/firebase_performance/ios`)
  - firebase_remote_config (from `Pods/.symlinks/plugins/firebase_remote_config/ios`)
  - firebase_storage (from `Pods/.symlinks/plugins/firebase_storage/ios`)
  - Flutter (from `Pods/.symlinks/flutter/ios`)
  - flutter_native_timezone (from `Pods/.symlinks/plugins/flutter_native_timezone/ios`)
  - flutter_places_dialog (from `Pods/.symlinks/plugins/flutter_places_dialog/ios`)
  - flutter_plugin_android_lifecycle (from `Pods/.symlinks/plugins/flutter_plugin_android_lifecycle/ios`)
  - GoogleAnalytics
  - image_picker (from `Pods/.symlinks/plugins/image_picker/ios`)
  - package_info (from `Pods/.symlinks/plugins/package_info/ios`)
  - path_provider (from `Pods/.symlinks/plugins/path_provider/ios`)
  - shared_preferences (from `Pods/.symlinks/plugins/shared_preferences/ios`)
  - shared_preferences_macos (from `Pods/.symlinks/plugins/shared_preferences_macos/ios`)
  - shared_preferences_web (from `Pods/.symlinks/plugins/shared_preferences_web/ios`)
  - sqflite (from `Pods/.symlinks/plugins/sqflite/ios`)
  - url_launcher (from `Pods/.symlinks/plugins/url_launcher/ios`)
  - url_launcher_macos (from `Pods/.symlinks/plugins/url_launcher_macos/ios`)
  - url_launcher_web (from `Pods/.symlinks/plugins/url_launcher_web/ios`)

SPEC REPOS:
  https://github.com/CocoaPods/Specs.git:
    - Bolts
    - BoringSSL-GRPC
    - FBSDKCoreKit
    - FBSDKLoginKit
    - Firebase
    - FirebaseABTesting
    - FirebaseAnalytics
    - FirebaseAnalyticsInterop
    - FirebaseAuth
    - FirebaseAuthInterop
    - FirebaseCore
    - FirebaseCoreDiagnostics
    - FirebaseCoreDiagnosticsInterop
    - FirebaseFirestore
    - FirebaseInstanceID
    - FirebaseMessaging
    - FirebasePerformance
    - FirebaseRemoteConfig
    - FirebaseStorage
    - FMDB
    - GoogleAnalytics
    - GoogleAppMeasurement
    - GoogleDataTransport
    - GoogleDataTransportCCTSupport
    - GoogleMaps
    - GooglePlacePicker
    - GooglePlaces
    - GoogleToolboxForMac
    - GoogleUtilities
    - "gRPC-C++"
    - gRPC-Core
    - GTMSessionFetcher
    - leveldb-library
    - nanopb
    - Protobuf

EXTERNAL SOURCES:
  cloud_firestore:
    :path: Pods/.symlinks/plugins/cloud_firestore/ios
  device_info:
    :path: Pods/.symlinks/plugins/device_info/ios
  firebase_analytics:
    :path: Pods/.symlinks/plugins/firebase_analytics/ios
  firebase_auth:
    :path: Pods/.symlinks/plugins/firebase_auth/ios
  firebase_auth_web:
    :path: Pods/.symlinks/plugins/firebase_auth_web/ios
  firebase_core:
    :path: Pods/.symlinks/plugins/firebase_core/ios
  firebase_core_web:
    :path: Pods/.symlinks/plugins/firebase_core_web/ios
  firebase_messaging:
    :path: Pods/.symlinks/plugins/firebase_messaging/ios
  firebase_performance:
    :path: Pods/.symlinks/plugins/firebase_performance/ios
  firebase_remote_config:
    :path: Pods/.symlinks/plugins/firebase_remote_config/ios
  firebase_storage:
    :path: Pods/.symlinks/plugins/firebase_storage/ios
  Flutter:
    :path: Pods/.symlinks/flutter/ios
  flutter_native_timezone:
    :path: Pods/.symlinks/plugins/flutter_native_timezone/ios
  flutter_places_dialog:
    :path: Pods/.symlinks/plugins/flutter_places_dialog/ios
  flutter_plugin_android_lifecycle:
    :path: Pods/.symlinks/plugins/flutter_plugin_android_lifecycle/ios
  image_picker:
    :path: Pods/.symlinks/plugins/image_picker/ios
  package_info:
    :path: Pods/.symlinks/plugins/package_info/ios
  path_provider:
    :path: Pods/.symlinks/plugins/path_provider/ios
  shared_preferences:
    :path: Pods/.symlinks/plugins/shared_preferences/ios
  shared_preferences_macos:
    :path: Pods/.symlinks/plugins/shared_preferences_macos/ios
  shared_preferences_web:
    :path: Pods/.symlinks/plugins/shared_preferences_web/ios
  sqflite:
    :path: Pods/.symlinks/plugins/sqflite/ios
  url_launcher:
    :path: Pods/.symlinks/plugins/url_launcher/ios
  url_launcher_macos:
    :path: Pods/.symlinks/plugins/url_launcher_macos/ios
  url_launcher_web:
    :path: Pods/.symlinks/plugins/url_launcher_web/ios

SPEC CHECKSUMS:
  Bolts: ac6567323eac61e203f6a9763667d0f711be34c8
  BoringSSL-GRPC: db8764df3204ccea016e1c8dd15d9a9ad63ff318
  cloud_firestore: c5d1e4d114eecb1dfb535f008435685bcf6063f1
  device_info: cbf09d2ec12aa7110e0b09fabe54b5bd6c8efe74
  FBSDKCoreKit: ae214474b25033399c131dc81d258e412582a2ba
  FBSDKLoginKit: 7a1e411d46acc8834588eca437daf34de42e1d52
  Firebase: a2b5951f30ff38fd3b3bdae9c7d340f940fd3c51
  firebase_analytics: dacdcfc524d722fff13dcff942f0dfa47e6be567
  firebase_auth: 1f46484071219159ad6c64d304af425ad7373052
  firebase_auth_web: 0955c07bcc06e84af76b9d4e32e6f31518f2d7de
  firebase_core: 0c84455537bed6d6b5b8c2dd611ff1fbb1ea5cbd
  firebase_core_web: d501d8b946b60c8af265428ce483b0fff5ad52d1
  firebase_messaging: 73b3e7dd7b3b6a7e4bdac10d5295211ca4f87f90
  firebase_performance: bed42cee45cd3a44aadaf3e4fa18140f2fec3814
  firebase_remote_config: b909942ae016c4b1dc115bc3846ae6181808a98d
  firebase_storage: cee2383f53c26690269ab667b4dbfe25452c6caa
  FirebaseABTesting: a32c488eb75089a61eb3d86db061dfb909d765db
  FirebaseAnalytics: 48414ae5cbf6976d8a2f7177e0466540e5ab33ce
  FirebaseAnalyticsInterop: 0f250d71e8741352407a8db351e6de78c5c56d35
  FirebaseAuth: 2be1924ddbc741fe2a02cb6963ca747e09a2e05c
  FirebaseAuthInterop: 0ffa57668be100582bb7643d4fcb7615496c41fc
  FirebaseCore: 8c9e08bce0c72a3affd83927d8184cf244918bc8
  FirebaseCoreDiagnostics: 4c04ae09d0ab027c30179828c6bb47764df1bd13
  FirebaseCoreDiagnosticsInterop: 6829da2b8d1fc795ff1bd99df751d3788035d2cb
  FirebaseFirestore: d65bd28e77a8cdc045be6353c6e1e146efdf92dc
  FirebaseInstanceID: 8b42755db950682e7de0d167bc6fb26a57b244af
  FirebaseMessaging: ddd74d13644ef24cc4e2d95cabd1cf408e99b7b0
  FirebasePerformance: 270bab0bfa55e067ffd839e4ce4e592a1bdeebd6
  FirebaseRemoteConfig: ed74d16d7e5b19e77a4c3e3eee4fe363039b0834
  FirebaseStorage: 618dd8fd886b30adf6e5d1915b1f5c18cb5c3944
  Flutter: 0e3d915762c693b495b44d77113d4970485de6ec
  flutter_native_timezone: e72ff1900460ff57cfd331d1758050c9269f3e99
  flutter_places_dialog: d6706ba5200150251c737166277e02a92b8fc141
  flutter_plugin_android_lifecycle: 47de533a02850f070f5696a623995e93eddcdb9b
  FMDB: 2ce00b547f966261cd18927a3ddb07cb6f3db82a
  GoogleAnalytics: f42cc53a87a51fe94334821868d9c8481ff47a7b
  GoogleAppMeasurement: 47285fa897e5a125df56b9ef8750a1d81e4598a8
  GoogleDataTransport: b0115dbdf1943c998628dca30800ddd263aaa166
  GoogleDataTransportCCTSupport: 3451e7d8ba19093e533362a6d78d6d9014c6a037
  GoogleMaps: fd5c9fa58871781b9fb94d4936f19c69fe60ce32
  GooglePlacePicker: 0c90898945f02ef36cce86fc9a107e1c5d3d26b1
  GooglePlaces: f09e76993c9c3ee4af8f4f7f535bb94d6aa3b649
  GoogleToolboxForMac: b3553629623a3b1bff17f555e736cd5a6d95ad55
  GoogleUtilities: 64b5e3982b1b01bda26712affd5c523ef32563cf
  "gRPC-C++": 9dfe7b44821e7b3e44aacad2af29d2c21f7cde83
  gRPC-Core: c9aef9a261a1247e881b18059b84d597293c9947
  GTMSessionFetcher: 61bb0f61a4cb560030f1222021178008a5727a23
  image_picker: e3eacd46b94694dde7cf2705955cece853aa1a8f
  leveldb-library: 08cba283675b7ed2d99629a4bc5fd052cd2bb6a5
  nanopb: 2901f78ea1b7b4015c860c2fdd1ea2fee1a18d48
  package_info: 48b108e75b8802c2d5e126f208ef540561c98aef
  path_provider: fb74bd0465e96b594bb3b5088ee4a4e7bb1f2a9d
  Protobuf: 1097ca58584c8d9be81bfbf2c5ff5975648dd87a
  shared_preferences: 430726339841afefe5142b9c1f50cb6bd7793e01
  shared_preferences_macos: f3f29b71ccbb56bf40c9dd6396c9acf15e214087
  shared_preferences_web: 141cce0c3ed1a1c5bf2a0e44f52d31eeb66e5ea9
  sqflite: 4001a31ff81d210346b500c55b17f4d6c7589dd0
  url_launcher: a1c0cc845906122c4784c542523d8cacbded5626
  url_launcher_macos: fd7894421cd39320dce5f292fc99ea9270b2a313
  url_launcher_web: e5527357f037c87560776e36436bf2b0288b965c

PODFILE CHECKSUM: f31239aa1aa6b6ffa09b90489f11a480ab96082d

COCOAPODS: 1.8.1
